
Microsoft Visual Studio Solution File, Format Version 12.00
# Visual Studio Version 17
VisualStudioVersion = 17.2.32616.157
MinimumVisualStudioVersion = 10.0.40219.1
Project("{FAE04EC0-301F-11D3-BF4B-00C04F79EFBC}") = "Morra Cinese", "Morra Cinese.csproj", "{63073246-1E32-4761-8965-C98D8E958B4C}"
EndProject
Global
	GlobalSection(SolutionConfigurationPlatforms) = preSolution
		Debug|Any CPU = Debug|Any CPU
		Release|Any CPU = Release|Any CPU
	EndGlobalSection
	GlobalSection(ProjectConfigurationPlatforms) = postSolution
		{63073246-1E32-4761-8965-C98D8E958B4C}.Debug|Any CPU.ActiveCfg = Debug|Any CPU
		{63073246-1E32-4761-8965-C98D8E958B4C}.Debug|Any CPU.Build.0 = Debug|Any CPU
		{63073246-1E32-4761-8965-C98D8E958B4C}.Release|Any CPU.ActiveCfg = Release|Any CPU
		{63073246-1E32-4761-8965-C98D8E958B4C}.Release|Any CPU.Build.0 = Release|Any CPU
	EndGlobalSection
	GlobalSection(SolutionProperties) = preSolution
		HideSolutionNode = FALSE
	EndGlobalSection
	GlobalSection(ExtensibilityGlobals) = postSolution
		SolutionGuid = {C4AEA999-DE44-4C6E-816D-92093469EAD0}
	EndGlobalSection
EndGlobal
